
Microsoft Visual Studio Solution File, Format Version 12.00
# Visual Studio 15
Project("{FAE04EC0-301F-11D3-BF4B-00C04F79EFBC}") = "UnityEngine.TestRunner", "UnityEngine.TestRunner.csproj", "{DB228C02-D87D-B02E-683E-FC9BF0A39088}"
EndProject
Project("{FAE04EC0-301F-11D3-BF4B-00C04F79EFBC}") = "UnityEngine.UI", "UnityEngine.UI.csproj", "{013AC700-62BC-B911-7161-5615CA3C7A36}"
EndProject
Project("{FAE04EC0-301F-11D3-BF4B-00C04F79EFBC}") = "Unity.VisualScripting.Flow", "Unity.VisualScripting.Flow.csproj", "{B178ECF0-BA78-4060-6631-883D8363ED4E}"
EndProject
Project("{FAE04EC0-301F-11D3-BF4B-00C04F79EFBC}") = "Unity.Services.Core.Telemetry", "Unity.Services.Core.Telemetry.csproj", "{CC1F8757-F6AE-42EB-B30C-5803DD35E417}"
EndProject
Project("{FAE04EC0-301F-11D3-BF4B-00C04F79EFBC}") = "Unity.VisualScripting.State", "Unity.VisualScripting.State.csproj", "{F3457C65-4EC0-E63D-B29D-A7500C0499F0}"
EndProject
Project("{FAE04EC0-301F-11D3-BF4B-00C04F79EFBC}") = "Unity.VisualScripting.Core", "Unity.VisualScripting.Core.csproj", "{CB9DA0FD-F3C4-9C93-F7BF-4DE0D6306697}"
EndProject
Project("{FAE04EC0-301F-11D3-BF4B-00C04F79EFBC}") = "Unity.Services.Core.Environments.Internal", "Unity.Services.Core.Environments.Internal.csproj", "{AD74FFE7-3765-85C3-C643-560E4B549FB2}"
EndProject
Project("{FAE04EC0-301F-11D3-BF4B-00C04F79EFBC}") = "Unity.TextMeshPro", "Unity.TextMeshPro.csproj", "{550B6BBE-0CA2-F628-3F43-8D84B86ACEAF}"
EndProject
Project("{FAE04EC0-301F-11D3-BF4B-00C04F79EFBC}") = "Unity.Timeline", "Unity.Timeline.csproj", "{73878C75-4907-108C-082D-F6D52BD59B65}"
EndProject
Project("{FAE04EC0-301F-11D3-BF4B-00C04F79EFBC}") = "Unity.Services.Core", "Unity.Services.Core.csproj", "{FF94E7E7-DE6C-4374-273F-4595A5F7A7F9}"
EndProject
Project("{FAE04EC0-301F-11D3-BF4B-00C04F79EFBC}") = "Unity.Services.Core.Environments", "Unity.Services.Core.Environments.csproj", "{21813476-E5EB-63AA-8C38-271E57CC8172}"
EndProject
Project("{FAE04EC0-301F-11D3-BF4B-00C04F79EFBC}") = "Unity.Services.Core.Internal", "Unity.Services.Core.Internal.csproj", "{FC9046AC-F3CF-B066-043A-8F6AA1DA32DE}"
EndProject
Project("{FAE04EC0-301F-11D3-BF4B-00C04F79EFBC}") = "Unity.Services.Core.Analytics", "Unity.Services.Core.Analytics.csproj", "{15C77E74-461C-6BB1-DB58-F17CF402FE8F}"
EndProject
Project("{FAE04EC0-301F-11D3-BF4B-00C04F79EFBC}") = "Unity.Services.Core.Scheduler", "Unity.Services.Core.Scheduler.csproj", "{8E1ECBED-1517-EA01-E76A-8BEB37E2EC51}"
EndProject
Project("{FAE04EC0-301F-11D3-BF4B-00C04F79EFBC}") = "Unity.Services.Core.Registration", "Unity.Services.Core.Registration.csproj", "{C06AA7D1-9BE2-DCE4-48A1-4F51DB828327}"
EndProject
Project("{FAE04EC0-301F-11D3-BF4B-00C04F79EFBC}") = "Unity.Services.Core.Device", "Unity.Services.Core.Device.csproj", "{DDEBB3B3-B499-DABE-9B2E-2639DC2F9126}"
EndProject
Project("{FAE04EC0-301F-11D3-BF4B-00C04F79EFBC}") = "Unity.Services.Core.Threading", "Unity.Services.Core.Threading.csproj", "{2534B14A-EEDD-4524-C9A3-34415370058A}"
EndProject
Project("{FAE04EC0-301F-11D3-BF4B-00C04F79EFBC}") = "Assembly-CSharp", "Assembly-CSharp.csproj", "{0FEDFD14-AD35-E7E2-E1F0-0AF87953A272}"
EndProject
Project("{FAE04EC0-301F-11D3-BF4B-00C04F79EFBC}") = "Unity.Services.Core.Networking", "Unity.Services.Core.Networking.csproj", "{9DC96A4C-5193-405E-50FE-0162723FFA17}"
EndProject
Project("{FAE04EC0-301F-11D3-BF4B-00C04F79EFBC}") = "Unity.Services.Core.Configuration", "Unity.Services.Core.Configuration.csproj", "{D9F436D0-3B98-BAA2-F41C-5DA61868F7E8}"
EndProject
Project("{FAE04EC0-301F-11D3-BF4B-00C04F79EFBC}") = "Unity.PlasticSCM.Editor", "Unity.PlasticSCM.Editor.csproj", "{112EE518-E43D-704B-5165-C2ED8435E75B}"
EndProject
Project("{FAE04EC0-301F-11D3-BF4B-00C04F79EFBC}") = "Unity.VisualScripting.Core.Editor", "Unity.VisualScripting.Core.Editor.csproj", "{6E475474-6DB1-106B-0BD8-B8B587237CD6}"
EndProject
Project("{FAE04EC0-301F-11D3-BF4B-00C04F79EFBC}") = "Unity.VisualScripting.Flow.Editor", "Unity.VisualScripting.Flow.Editor.csproj", "{F5FFB20D-5A80-8E62-56E4-8C0AD0E68C55}"
EndProject
Project("{FAE04EC0-301F-11D3-BF4B-00C04F79EFBC}") = "Unity.VisualStudio.Editor", "Unity.VisualStudio.Editor.csproj", "{23FCC361-E8F8-8B4B-DFDB-4A929920F106}"
EndProject
Project("{FAE04EC0-301F-11D3-BF4B-00C04F79EFBC}") = "Unity.Timeline.Editor", "Unity.Timeline.Editor.csproj", "{3E598F02-667C-F0E9-5A4A-634F2B58167F}"
EndProject
Project("{FAE04EC0-301F-11D3-BF4B-00C04F79EFBC}") = "Unity.VisualScripting.State.Editor", "Unity.VisualScripting.State.Editor.csproj", "{AC98F12C-0183-BB0C-6BEE-55AB0428144A}"
EndProject
Project("{FAE04EC0-301F-11D3-BF4B-00C04F79EFBC}") = "Unity.TextMeshPro.Editor", "Unity.TextMeshPro.Editor.csproj", "{CA89CC5F-6CA7-158B-0715-B35042F96196}"
EndProject
Project("{FAE04EC0-301F-11D3-BF4B-00C04F79EFBC}") = "Unity.VisualScripting.SettingsProvider.Editor", "Unity.VisualScripting.SettingsProvider.Editor.csproj", "{C2157AED-568C-FA85-EAC3-00E2B4CDA942}"
EndProject
Project("{FAE04EC0-301F-11D3-BF4B-00C04F79EFBC}") = "Unity.CollabProxy.Editor", "Unity.CollabProxy.Editor.csproj", "{9C550770-03F7-C5FD-9E64-8B68D189B780}"
EndProject
Project("{FAE04EC0-301F-11D3-BF4B-00C04F79EFBC}") = "UnityEditor.TestRunner", "UnityEditor.TestRunner.csproj", "{78FE49B8-FF44-EA5C-9D86-3A474D8E8F89}"
EndProject
Project("{FAE04EC0-301F-11D3-BF4B-00C04F79EFBC}") = "Unity.Services.Core.Editor", "Unity.Services.Core.Editor.csproj", "{C6AAE496-11F8-9FA8-C594-635337C9DE94}"
EndProject
Project("{FAE04EC0-301F-11D3-BF4B-00C04F79EFBC}") = "Unity.TestTools.CodeCoverage.Editor", "Unity.TestTools.CodeCoverage.Editor.csproj", "{5C293924-8866-3C90-E92B-97CC628F0B66}"
EndProject
Project("{FAE04EC0-301F-11D3-BF4B-00C04F79EFBC}") = "Unity.Rider.Editor", "Unity.Rider.Editor.csproj", "{C80952B5-330F-AC33-6A8C-9AE77D42FC81}"
EndProject
Project("{FAE04EC0-301F-11D3-BF4B-00C04F79EFBC}") = "Unity.Performance.Profile-Analyzer.Editor", "Unity.Performance.Profile-Analyzer.Editor.csproj", "{91500312-4C10-1B27-A40A-4B29A07CBC99}"
EndProject
Project("{FAE04EC0-301F-11D3-BF4B-00C04F79EFBC}") = "Unity.VSCode.Editor", "Unity.VSCode.Editor.csproj", "{8E80E03B-3FFB-52A6-355E-3F91318B3E96}"
EndProject
Project("{FAE04EC0-301F-11D3-BF4B-00C04F79EFBC}") = "UnityEditor.UI", "UnityEditor.UI.csproj", "{52C38C9A-87EA-AB9C-B3B3-9DBD99C8A4E5}"
EndProject
Project("{FAE04EC0-301F-11D3-BF4B-00C04F79EFBC}") = "Unity.TestTools.CodeCoverage.Editor.OpenCover.Model", "Unity.TestTools.CodeCoverage.Editor.OpenCover.Model.csproj", "{F61E17A5-2F80-1766-A224-D5D3BC8A663F}"
EndProject
Project("{FAE04EC0-301F-11D3-BF4B-00C04F79EFBC}") = "Unity.EditorCoroutines.Editor", "Unity.EditorCoroutines.Editor.csproj", "{87DCEB7A-D936-84EE-7082-CC0AB2B25D57}"
EndProject
Project("{FAE04EC0-301F-11D3-BF4B-00C04F79EFBC}") = "Unity.Settings.Editor", "Unity.Settings.Editor.csproj", "{467C398F-95B8-F4BA-2AA7-8FF9C2CDD017}"
EndProject
Project("{FAE04EC0-301F-11D3-BF4B-00C04F79EFBC}") = "Unity.Services.Core.Configuration.Editor", "Unity.Services.Core.Configuration.Editor.csproj", "{F258CA7E-AAEF-7648-2BD0-F069A348B88C}"
EndProject
Project("{FAE04EC0-301F-11D3-BF4B-00C04F79EFBC}") = "Unity.TestTools.CodeCoverage.Editor.OpenCover.Mono.Reflection", "Unity.TestTools.CodeCoverage.Editor.OpenCover.Mono.Reflection.csproj", "{78B8F2B1-5590-751D-1BCA-17485E904740}"
EndProject
Project("{FAE04EC0-301F-11D3-BF4B-00C04F79EFBC}") = "Unity.VisualScripting.Shared.Editor", "Unity.VisualScripting.Shared.Editor.csproj", "{3CE38321-C159-1AE4-5387-472B58DC8D23}"
EndProject
Project("{FAE04EC0-301F-11D3-BF4B-00C04F79EFBC}") = "UnityEngine.TestRunner", "UnityEngine.TestRunner.Player.csproj", "{0E6500C6-A869-B24E-6A57-69B2F948B209}"
EndProject
Project("{FAE04EC0-301F-11D3-BF4B-00C04F79EFBC}") = "UnityEngine.UI", "UnityEngine.UI.Player.csproj", "{B007B264-19C9-EBBE-EF1D-0ACA9A6DD1E7}"
EndProject
Project("{FAE04EC0-301F-11D3-BF4B-00C04F79EFBC}") = "Unity.VisualScripting.Flow", "Unity.VisualScripting.Flow.Player.csproj", "{ABE81AD3-831F-F739-B8B2-BE58FBFB8D2B}"
EndProject
Project("{FAE04EC0-301F-11D3-BF4B-00C04F79EFBC}") = "Unity.Services.Core.Telemetry", "Unity.Services.Core.Telemetry.Player.csproj", "{AC3AA5FF-8A27-8872-929C-D0A4ACA91ED4}"
EndProject
Project("{FAE04EC0-301F-11D3-BF4B-00C04F79EFBC}") = "Unity.VisualScripting.State", "Unity.VisualScripting.State.Player.csproj", "{19574F01-77BE-B1BE-264E-A0DC04ADCEEF}"
EndProject
Project("{FAE04EC0-301F-11D3-BF4B-00C04F79EFBC}") = "Unity.VisualScripting.Core", "Unity.VisualScripting.Core.Player.csproj", "{A20EE619-B454-3508-EB52-D0098274B74E}"
EndProject
Project("{FAE04EC0-301F-11D3-BF4B-00C04F79EFBC}") = "Unity.Services.Core.Environments.Internal", "Unity.Services.Core.Environments.Internal.Player.csproj", "{69296B21-AAFC-BB41-DDEB-901373A8E66B}"
EndProject
Project("{FAE04EC0-301F-11D3-BF4B-00C04F79EFBC}") = "Unity.TextMeshPro", "Unity.TextMeshPro.Player.csproj", "{FA076EEC-BBE5-0422-0C5A-5BCFD3C0A18A}"
EndProject
Project("{FAE04EC0-301F-11D3-BF4B-00C04F79EFBC}") = "Unity.Timeline", "Unity.Timeline.Player.csproj", "{B71AF85F-972F-608E-0703-A96F37BC8FA9}"
EndProject
Project("{FAE04EC0-301F-11D3-BF4B-00C04F79EFBC}") = "Unity.Services.Core", "Unity.Services.Core.Player.csproj", "{89654234-9C5B-2444-1F2F-15B7B3C25CC8}"
EndProject
Project("{FAE04EC0-301F-11D3-BF4B-00C04F79EFBC}") = "Unity.Services.Core.Environments", "Unity.Services.Core.Environments.Player.csproj", "{7249413D-2EDC-ED55-C5FF-758DCCF73E45}"
EndProject
Project("{FAE04EC0-301F-11D3-BF4B-00C04F79EFBC}") = "Unity.Services.Core.Internal", "Unity.Services.Core.Internal.Player.csproj", "{DB765D9F-45BF-EA0E-1567-0BD0AE16D5C9}"
EndProject
Project("{FAE04EC0-301F-11D3-BF4B-00C04F79EFBC}") = "Unity.Services.Core.Analytics", "Unity.Services.Core.Analytics.Player.csproj", "{958781D7-C546-EE8D-2F0D-7D07376F235A}"
EndProject
Project("{FAE04EC0-301F-11D3-BF4B-00C04F79EFBC}") = "Unity.Services.Core.Scheduler", "Unity.Services.Core.Scheduler.Player.csproj", "{0CDE27A0-817E-AA71-61EA-C7196CB58E2A}"
EndProject
Project("{FAE04EC0-301F-11D3-BF4B-00C04F79EFBC}") = "Unity.Services.Core.Registration", "Unity.Services.Core.Registration.Player.csproj", "{895FFAA2-6770-ACC8-367C-66BD2E000934}"
EndProject
Project("{FAE04EC0-301F-11D3-BF4B-00C04F79EFBC}") = "Unity.Services.Core.Device", "Unity.Services.Core.Device.Player.csproj", "{6965DC0F-5377-0369-AF77-1E4058729D3F}"
EndProject
Project("{FAE04EC0-301F-11D3-BF4B-00C04F79EFBC}") = "Unity.Services.Core.Threading", "Unity.Services.Core.Threading.Player.csproj", "{FBD210F4-E99B-23FB-8797-A9B8212D5D2B}"
EndProject
Project("{FAE04EC0-301F-11D3-BF4B-00C04F79EFBC}") = "Assembly-CSharp", "Assembly-CSharp.Player.csproj", "{B9DC2099-4BEF-D461-A227-BC2802F5BAD7}"
EndProject
Project("{FAE04EC0-301F-11D3-BF4B-00C04F79EFBC}") = "Unity.Services.Core.Networking", "Unity.Services.Core.Networking.Player.csproj", "{B579EDD9-0BF2-C631-889B-782E617C7F91}"
EndProject
Project("{FAE04EC0-301F-11D3-BF4B-00C04F79EFBC}") = "Unity.Services.Core.Configuration", "Unity.Services.Core.Configuration.Player.csproj", "{3D975A3A-9CA3-0DBB-9697-73275477398F}"
EndProject
Global
	GlobalSection(SolutionConfigurationPlatforms) = preSolution
		Debug|Any CPU = Debug|Any CPU
		Release|Any CPU = Release|Any CPU
	EndGlobalSection
	GlobalSection(ProjectConfigurationPlatforms) = postSolution
		{DB228C02-D87D-B02E-683E-FC9BF0A39088}.Debug|Any CPU.ActiveCfg = Debug|Any CPU
		{DB228C02-D87D-B02E-683E-FC9BF0A39088}.Debug|Any CPU.Build.0 = Debug|Any CPU
		{DB228C02-D87D-B02E-683E-FC9BF0A39088}.Release|Any CPU.ActiveCfg = Release|Any CPU
		{DB228C02-D87D-B02E-683E-FC9BF0A39088}.Release|Any CPU.Build.0 = Release|Any CPU
		{013AC700-62BC-B911-7161-5615CA3C7A36}.Debug|Any CPU.ActiveCfg = Debug|Any CPU
		{013AC700-62BC-B911-7161-5615CA3C7A36}.Debug|Any CPU.Build.0 = Debug|Any CPU
		{013AC700-62BC-B911-7161-5615CA3C7A36}.Release|Any CPU.ActiveCfg = Release|Any CPU
		{013AC700-62BC-B911-7161-5615CA3C7A36}.Release|Any CPU.Build.0 = Release|Any CPU
		{B178ECF0-BA78-4060-6631-883D8363ED4E}.Debug|Any CPU.ActiveCfg = Debug|Any CPU
		{B178ECF0-BA78-4060-6631-883D8363ED4E}.Debug|Any CPU.Build.0 = Debug|Any CPU
		{B178ECF0-BA78-4060-6631-883D8363ED4E}.Release|Any CPU.ActiveCfg = Release|Any CPU
		{B178ECF0-BA78-4060-6631-883D8363ED4E}.Release|Any CPU.Build.0 = Release|Any CPU
		{CC1F8757-F6AE-42EB-B30C-5803DD35E417}.Debug|Any CPU.ActiveCfg = Debug|Any CPU
		{CC1F8757-F6AE-42EB-B30C-5803DD35E417}.Debug|Any CPU.Build.0 = Debug|Any CPU
		{CC1F8757-F6AE-42EB-B30C-5803DD35E417}.Release|Any CPU.ActiveCfg = Release|Any CPU
		{CC1F8757-F6AE-42EB-B30C-5803DD35E417}.Release|Any CPU.Build.0 = Release|Any CPU
		{F3457C65-4EC0-E63D-B29D-A7500C0499F0}.Debug|Any CPU.ActiveCfg = Debug|Any CPU
		{F3457C65-4EC0-E63D-B29D-A7500C0499F0}.Debug|Any CPU.Build.0 = Debug|Any CPU
		{F3457C65-4EC0-E63D-B29D-A7500C0499F0}.Release|Any CPU.ActiveCfg = Release|Any CPU
		{F3457C65-4EC0-E63D-B29D-A7500C0499F0}.Release|Any CPU.Build.0 = Release|Any CPU
		{CB9DA0FD-F3C4-9C93-F7BF-4DE0D6306697}.Debug|Any CPU.ActiveCfg = Debug|Any CPU
		{CB9DA0FD-F3C4-9C93-F7BF-4DE0D6306697}.Debug|Any CPU.Build.0 = Debug|Any CPU
		{CB9DA0FD-F3C4-9C93-F7BF-4DE0D6306697}.Release|Any CPU.ActiveCfg = Release|Any CPU
		{CB9DA0FD-F3C4-9C93-F7BF-4DE0D6306697}.Release|Any CPU.Build.0 = Release|Any CPU
		{AD74FFE7-3765-85C3-C643-560E4B549FB2}.Debug|Any CPU.ActiveCfg = Debug|Any CPU
		{AD74FFE7-3765-85C3-C643-560E4B549FB2}.Debug|Any CPU.Build.0 = Debug|Any CPU
		{AD74FFE7-3765-85C3-C643-560E4B549FB2}.Release|Any CPU.ActiveCfg = Release|Any CPU
		{AD74FFE7-3765-85C3-C643-560E4B549FB2}.Release|Any CPU.Build.0 = Release|Any CPU
		{550B6BBE-0CA2-F628-3F43-8D84B86ACEAF}.Debug|Any CPU.ActiveCfg = Debug|Any CPU
		{550B6BBE-0CA2-F628-3F43-8D84B86ACEAF}.Debug|Any CPU.Build.0 = Debug|Any CPU
		{550B6BBE-0CA2-F628-3F43-8D84B86ACEAF}.Release|Any CPU.ActiveCfg = Release|Any CPU
		{550B6BBE-0CA2-F628-3F43-8D84B86ACEAF}.Release|Any CPU.Build.0 = Release|Any CPU
		{73878C75-4907-108C-082D-F6D52BD59B65}.Debug|Any CPU.ActiveCfg = Debug|Any CPU
		{73878C75-4907-108C-082D-F6D52BD59B65}.Debug|Any CPU.Build.0 = Debug|Any CPU
		{73878C75-4907-108C-082D-F6D52BD59B65}.Release|Any CPU.ActiveCfg = Release|Any CPU
		{73878C75-4907-108C-082D-F6D52BD59B65}.Release|Any CPU.Build.0 = Release|Any CPU
		{FF94E7E7-DE6C-4374-273F-4595A5F7A7F9}.Debug|Any CPU.ActiveCfg = Debug|Any CPU
		{FF94E7E7-DE6C-4374-273F-4595A5F7A7F9}.Debug|Any CPU.Build.0 = Debug|Any CPU
		{FF94E7E7-DE6C-4374-273F-4595A5F7A7F9}.Release|Any CPU.ActiveCfg = Release|Any CPU
		{FF94E7E7-DE6C-4374-273F-4595A5F7A7F9}.Release|Any CPU.Build.0 = Release|Any CPU
		{21813476-E5EB-63AA-8C38-271E57CC8172}.Debug|Any CPU.ActiveCfg = Debug|Any CPU
		{21813476-E5EB-63AA-8C38-271E57CC8172}.Debug|Any CPU.Build.0 = Debug|Any CPU
		{21813476-E5EB-63AA-8C38-271E57CC8172}.Release|Any CPU.ActiveCfg = Release|Any CPU
		{21813476-E5EB-63AA-8C38-271E57CC8172}.Release|Any CPU.Build.0 = Release|Any CPU
		{FC9046AC-F3CF-B066-043A-8F6AA1DA32DE}.Debug|Any CPU.ActiveCfg = Debug|Any CPU
		{FC9046AC-F3CF-B066-043A-8F6AA1DA32DE}.Debug|Any CPU.Build.0 = Debug|Any CPU
		{FC9046AC-F3CF-B066-043A-8F6AA1DA32DE}.Release|Any CPU.ActiveCfg = Release|Any CPU
		{FC9046AC-F3CF-B066-043A-8F6AA1DA32DE}.Release|Any CPU.Build.0 = Release|Any CPU
		{15C77E74-461C-6BB1-DB58-F17CF402FE8F}.Debug|Any CPU.ActiveCfg = Debug|Any CPU
		{15C77E74-461C-6BB1-DB58-F17CF402FE8F}.Debug|Any CPU.Build.0 = Debug|Any CPU
		{15C77E74-461C-6BB1-DB58-F17CF402FE8F}.Release|Any CPU.ActiveCfg = Release|Any CPU
		{15C77E74-461C-6BB1-DB58-F17CF402FE8F}.Release|Any CPU.Build.0 = Release|Any CPU
		{8E1ECBED-1517-EA01-E76A-8BEB37E2EC51}.Debug|Any CPU.ActiveCfg = Debug|Any CPU
		{8E1ECBED-1517-EA01-E76A-8BEB37E2EC51}.Debug|Any CPU.Build.0 = Debug|Any CPU
		{8E1ECBED-1517-EA01-E76A-8BEB37E2EC51}.Release|Any CPU.ActiveCfg = Release|Any CPU
		{8E1ECBED-1517-EA01-E76A-8BEB37E2EC51}.Release|Any CPU.Build.0 = Release|Any CPU
		{C06AA7D1-9BE2-DCE4-48A1-4F51DB828327}.Debug|Any CPU.ActiveCfg = Debug|Any CPU
		{C06AA7D1-9BE2-DCE4-48A1-4F51DB828327}.Debug|Any CPU.Build.0 = Debug|Any CPU
		{C06AA7D1-9BE2-DCE4-48A1-4F51DB828327}.Release|Any CPU.ActiveCfg = Release|Any CPU
		{C06AA7D1-9BE2-DCE4-48A1-4F51DB828327}.Release|Any CPU.Build.0 = Release|Any CPU
		{DDEBB3B3-B499-DABE-9B2E-2639DC2F9126}.Debug|Any CPU.ActiveCfg = Debug|Any CPU
		{DDEBB3B3-B499-DABE-9B2E-2639DC2F9126}.Debug|Any CPU.Build.0 = Debug|Any CPU
		{DDEBB3B3-B499-DABE-9B2E-2639DC2F9126}.Release|Any CPU.ActiveCfg = Release|Any CPU
		{DDEBB3B3-B499-DABE-9B2E-2639DC2F9126}.Release|Any CPU.Build.0 = Release|Any CPU
		{2534B14A-EEDD-4524-C9A3-34415370058A}.Debug|Any CPU.ActiveCfg = Debug|Any CPU
		{2534B14A-EEDD-4524-C9A3-34415370058A}.Debug|Any CPU.Build.0 = Debug|Any CPU
		{2534B14A-EEDD-4524-C9A3-34415370058A}.Release|Any CPU.ActiveCfg = Release|Any CPU
		{2534B14A-EEDD-4524-C9A3-34415370058A}.Release|Any CPU.Build.0 = Release|Any CPU
		{0FEDFD14-AD35-E7E2-E1F0-0AF87953A272}.Debug|Any CPU.ActiveCfg = Debug|Any CPU
		{0FEDFD14-AD35-E7E2-E1F0-0AF87953A272}.Debug|Any CPU.Build.0 = Debug|Any CPU
		{0FEDFD14-AD35-E7E2-E1F0-0AF87953A272}.Release|Any CPU.ActiveCfg = Release|Any CPU
		{0FEDFD14-AD35-E7E2-E1F0-0AF87953A272}.Release|Any CPU.Build.0 = Release|Any CPU
		{9DC96A4C-5193-405E-50FE-0162723FFA17}.Debug|Any CPU.ActiveCfg = Debug|Any CPU
		{9DC96A4C-5193-405E-50FE-0162723FFA17}.Debug|Any CPU.Build.0 = Debug|Any CPU
		{9DC96A4C-5193-405E-50FE-0162723FFA17}.Release|Any CPU.ActiveCfg = Release|Any CPU
		{9DC96A4C-5193-405E-50FE-0162723FFA17}.Release|Any CPU.Build.0 = Release|Any CPU
		{D9F436D0-3B98-BAA2-F41C-5DA61868F7E8}.Debug|Any CPU.ActiveCfg = Debug|Any CPU
		{D9F436D0-3B98-BAA2-F41C-5DA61868F7E8}.Debug|Any CPU.Build.0 = Debug|Any CPU
		{D9F436D0-3B98-BAA2-F41C-5DA61868F7E8}.Release|Any CPU.ActiveCfg = Release|Any CPU
		{D9F436D0-3B98-BAA2-F41C-5DA61868F7E8}.Release|Any CPU.Build.0 = Release|Any CPU
		{112EE518-E43D-704B-5165-C2ED8435E75B}.Debug|Any CPU.ActiveCfg = Debug|Any CPU
		{112EE518-E43D-704B-5165-C2ED8435E75B}.Debug|Any CPU.Build.0 = Debug|Any CPU
		{112EE518-E43D-704B-5165-C2ED8435E75B}.Release|Any CPU.ActiveCfg = Release|Any CPU
		{112EE518-E43D-704B-5165-C2ED8435E75B}.Release|Any CPU.Build.0 = Release|Any CPU
		{6E475474-6DB1-106B-0BD8-B8B587237CD6}.Debug|Any CPU.ActiveCfg = Debug|Any CPU
		{6E475474-6DB1-106B-0BD8-B8B587237CD6}.Debug|Any CPU.Build.0 = Debug|Any CPU
		{6E475474-6DB1-106B-0BD8-B8B587237CD6}.Release|Any CPU.ActiveCfg = Release|Any CPU
		{6E475474-6DB1-106B-0BD8-B8B587237CD6}.Release|Any CPU.Build.0 = Release|Any CPU
		{F5FFB20D-5A80-8E62-56E4-8C0AD0E68C55}.Debug|Any CPU.ActiveCfg = Debug|Any CPU
		{F5FFB20D-5A80-8E62-56E4-8C0AD0E68C55}.Debug|Any CPU.Build.0 = Debug|Any CPU
		{F5FFB20D-5A80-8E62-56E4-8C0AD0E68C55}.Release|Any CPU.ActiveCfg = Release|Any CPU
		{F5FFB20D-5A80-8E62-56E4-8C0AD0E68C55}.Release|Any CPU.Build.0 = Release|Any CPU
		{23FCC361-E8F8-8B4B-DFDB-4A929920F106}.Debug|Any CPU.ActiveCfg = Debug|Any CPU
		{23FCC361-E8F8-8B4B-DFDB-4A929920F106}.Debug|Any CPU.Build.0 = Debug|Any CPU
		{23FCC361-E8F8-8B4B-DFDB-4A929920F106}.Release|Any CPU.ActiveCfg = Release|Any CPU
		{23FCC361-E8F8-8B4B-DFDB-4A929920F106}.Release|Any CPU.Build.0 = Release|Any CPU
		{3E598F02-667C-F0E9-5A4A-634F2B58167F}.Debug|Any CPU.ActiveCfg = Debug|Any CPU
		{3E598F02-667C-F0E9-5A4A-634F2B58167F}.Debug|Any CPU.Build.0 = Debug|Any CPU
		{3E598F02-667C-F0E9-5A4A-634F2B58167F}.Release|Any CPU.ActiveCfg = Release|Any CPU
		{3E598F02-667C-F0E9-5A4A-634F2B58167F}.Release|Any CPU.Build.0 = Release|Any CPU
		{AC98F12C-0183-BB0C-6BEE-55AB0428144A}.Debug|Any CPU.ActiveCfg = Debug|Any CPU
		{AC98F12C-0183-BB0C-6BEE-55AB0428144A}.Debug|Any CPU.Build.0 = Debug|Any CPU
		{AC98F12C-0183-BB0C-6BEE-55AB0428144A}.Release|Any CPU.ActiveCfg = Release|Any CPU
		{AC98F12C-0183-BB0C-6BEE-55AB0428144A}.Release|Any CPU.Build.0 = Release|Any CPU
		{CA89CC5F-6CA7-158B-0715-B35042F96196}.Debug|Any CPU.ActiveCfg = Debug|Any CPU
		{CA89CC5F-6CA7-158B-0715-B35042F96196}.Debug|Any CPU.Build.0 = Debug|Any CPU
		{CA89CC5F-6CA7-158B-0715-B35042F96196}.Release|Any CPU.ActiveCfg = Release|Any CPU
		{CA89CC5F-6CA7-158B-0715-B35042F96196}.Release|Any CPU.Build.0 = Release|Any CPU
		{C2157AED-568C-FA85-EAC3-00E2B4CDA942}.Debug|Any CPU.ActiveCfg = Debug|Any CPU
		{C2157AED-568C-FA85-EAC3-00E2B4CDA942}.Debug|Any CPU.Build.0 = Debug|Any CPU
		{C2157AED-568C-FA85-EAC3-00E2B4CDA942}.Release|Any CPU.ActiveCfg = Release|Any CPU
		{C2157AED-568C-FA85-EAC3-00E2B4CDA942}.Release|Any CPU.Build.0 = Release|Any CPU
		{9C550770-03F7-C5FD-9E64-8B68D189B780}.Debug|Any CPU.ActiveCfg = Debug|Any CPU
		{9C550770-03F7-C5FD-9E64-8B68D189B780}.Debug|Any CPU.Build.0 = Debug|Any CPU
		{9C550770-03F7-C5FD-9E64-8B68D189B780}.Release|Any CPU.ActiveCfg = Release|Any CPU
		{9C550770-03F7-C5FD-9E64-8B68D189B780}.Release|Any CPU.Build.0 = Release|Any CPU
		{78FE49B8-FF44-EA5C-9D86-3A474D8E8F89}.Debug|Any CPU.ActiveCfg = Debug|Any CPU
		{78FE49B8-FF44-EA5C-9D86-3A474D8E8F89}.Debug|Any CPU.Build.0 = Debug|Any CPU
		{78FE49B8-FF44-EA5C-9D86-3A474D8E8F89}.Release|Any CPU.ActiveCfg = Release|Any CPU
		{78FE49B8-FF44-EA5C-9D86-3A474D8E8F89}.Release|Any CPU.Build.0 = Release|Any CPU
		{C6AAE496-11F8-9FA8-C594-635337C9DE94}.Debug|Any CPU.ActiveCfg = Debug|Any CPU
		{C6AAE496-11F8-9FA8-C594-635337C9DE94}.Debug|Any CPU.Build.0 = Debug|Any CPU
		{C6AAE496-11F8-9FA8-C594-635337C9DE94}.Release|Any CPU.ActiveCfg = Release|Any CPU
		{C6AAE496-11F8-9FA8-C594-635337C9DE94}.Release|Any CPU.Build.0 = Release|Any CPU
		{5C293924-8866-3C90-E92B-97CC628F0B66}.Debug|Any CPU.ActiveCfg = Debug|Any CPU
		{5C293924-8866-3C90-E92B-97CC628F0B66}.Debug|Any CPU.Build.0 = Debug|Any CPU
		{5C293924-8866-3C90-E92B-97CC628F0B66}.Release|Any CPU.ActiveCfg = Release|Any CPU
		{5C293924-8866-3C90-E92B-97CC628F0B66}.Release|Any CPU.Build.0 = Release|Any CPU
		{C80952B5-330F-AC33-6A8C-9AE77D42FC81}.Debug|Any CPU.ActiveCfg = Debug|Any CPU
		{C80952B5-330F-AC33-6A8C-9AE77D42FC81}.Debug|Any CPU.Build.0 = Debug|Any CPU
		{C80952B5-330F-AC33-6A8C-9AE77D42FC81}.Release|Any CPU.ActiveCfg = Release|Any CPU
		{C80952B5-330F-AC33-6A8C-9AE77D42FC81}.Release|Any CPU.Build.0 = Release|Any CPU
		{91500312-4C10-1B27-A40A-4B29A07CBC99}.Debug|Any CPU.ActiveCfg = Debug|Any CPU
		{91500312-4C10-1B27-A40A-4B29A07CBC99}.Debug|Any CPU.Build.0 = Debug|Any CPU
		{91500312-4C10-1B27-A40A-4B29A07CBC99}.Release|Any CPU.ActiveCfg = Release|Any CPU
		{91500312-4C10-1B27-A40A-4B29A07CBC99}.Release|Any CPU.Build.0 = Release|Any CPU
		{8E80E03B-3FFB-52A6-355E-3F91318B3E96}.Debug|Any CPU.ActiveCfg = Debug|Any CPU
		{8E80E03B-3FFB-52A6-355E-3F91318B3E96}.Debug|Any CPU.Build.0 = Debug|Any CPU
		{8E80E03B-3FFB-52A6-355E-3F91318B3E96}.Release|Any CPU.ActiveCfg = Release|Any CPU
		{8E80E03B-3FFB-52A6-355E-3F91318B3E96}.Release|Any CPU.Build.0 = Release|Any CPU
		{52C38C9A-87EA-AB9C-B3B3-9DBD99C8A4E5}.Debug|Any CPU.ActiveCfg = Debug|Any CPU
		{52C38C9A-87EA-AB9C-B3B3-9DBD99C8A4E5}.Debug|Any CPU.Build.0 = Debug|Any CPU
		{52C38C9A-87EA-AB9C-B3B3-9DBD99C8A4E5}.Release|Any CPU.ActiveCfg = Release|Any CPU
		{52C38C9A-87EA-AB9C-B3B3-9DBD99C8A4E5}.Release|Any CPU.Build.0 = Release|Any CPU
		{F61E17A5-2F80-1766-A224-D5D3BC8A663F}.Debug|Any CPU.ActiveCfg = Debug|Any CPU
		{F61E17A5-2F80-1766-A224-D5D3BC8A663F}.Debug|Any CPU.Build.0 = Debug|Any CPU
		{F61E17A5-2F80-1766-A224-D5D3BC8A663F}.Release|Any CPU.ActiveCfg = Release|Any CPU
		{F61E17A5-2F80-1766-A224-D5D3BC8A663F}.Release|Any CPU.Build.0 = Release|Any CPU
		{87DCEB7A-D936-84EE-7082-CC0AB2B25D57}.Debug|Any CPU.ActiveCfg = Debug|Any CPU
		{87DCEB7A-D936-84EE-7082-CC0AB2B25D57}.Debug|Any CPU.Build.0 = Debug|Any CPU
		{87DCEB7A-D936-84EE-7082-CC0AB2B25D57}.Release|Any CPU.ActiveCfg = Release|Any CPU
		{87DCEB7A-D936-84EE-7082-CC0AB2B25D57}.Release|Any CPU.Build.0 = Release|Any CPU
		{467C398F-95B8-F4BA-2AA7-8FF9C2CDD017}.Debug|Any CPU.ActiveCfg = Debug|Any CPU
		{467C398F-95B8-F4BA-2AA7-8FF9C2CDD017}.Debug|Any CPU.Build.0 = Debug|Any CPU
		{467C398F-95B8-F4BA-2AA7-8FF9C2CDD017}.Release|Any CPU.ActiveCfg = Release|Any CPU
		{467C398F-95B8-F4BA-2AA7-8FF9C2CDD017}.Release|Any CPU.Build.0 = Release|Any CPU
		{F258CA7E-AAEF-7648-2BD0-F069A348B88C}.Debug|Any CPU.ActiveCfg = Debug|Any CPU
		{F258CA7E-AAEF-7648-2BD0-F069A348B88C}.Debug|Any CPU.Build.0 = Debug|Any CPU
		{F258CA7E-AAEF-7648-2BD0-F069A348B88C}.Release|Any CPU.ActiveCfg = Release|Any CPU
		{F258CA7E-AAEF-7648-2BD0-F069A348B88C}.Release|Any CPU.Build.0 = Release|Any CPU
		{78B8F2B1-5590-751D-1BCA-17485E904740}.Debug|Any CPU.ActiveCfg = Debug|Any CPU
		{78B8F2B1-5590-751D-1BCA-17485E904740}.Debug|Any CPU.Build.0 = Debug|Any CPU
		{78B8F2B1-5590-751D-1BCA-17485E904740}.Release|Any CPU.ActiveCfg = Release|Any CPU
		{78B8F2B1-5590-751D-1BCA-17485E904740}.Release|Any CPU.Build.0 = Release|Any CPU
		{3CE38321-C159-1AE4-5387-472B58DC8D23}.Debug|Any CPU.ActiveCfg = Debug|Any CPU
		{3CE38321-C159-1AE4-5387-472B58DC8D23}.Debug|Any CPU.Build.0 = Debug|Any CPU
		{3CE38321-C159-1AE4-5387-472B58DC8D23}.Release|Any CPU.ActiveCfg = Release|Any CPU
		{3CE38321-C159-1AE4-5387-472B58DC8D23}.Release|Any CPU.Build.0 = Release|Any CPU
		{0E6500C6-A869-B24E-6A57-69B2F948B209}.Debug|Any CPU.ActiveCfg = Debug|Any CPU
		{0E6500C6-A869-B24E-6A57-69B2F948B209}.Debug|Any CPU.Build.0 = Debug|Any CPU
		{0E6500C6-A869-B24E-6A57-69B2F948B209}.Release|Any CPU.ActiveCfg = Release|Any CPU
		{0E6500C6-A869-B24E-6A57-69B2F948B209}.Release|Any CPU.Build.0 = Release|Any CPU
		{B007B264-19C9-EBBE-EF1D-0ACA9A6DD1E7}.Debug|Any CPU.ActiveCfg = Debug|Any CPU
		{B007B264-19C9-EBBE-EF1D-0ACA9A6DD1E7}.Debug|Any CPU.Build.0 = Debug|Any CPU
		{B007B264-19C9-EBBE-EF1D-0ACA9A6DD1E7}.Release|Any CPU.ActiveCfg = Release|Any CPU
		{B007B264-19C9-EBBE-EF1D-0ACA9A6DD1E7}.Release|Any CPU.Build.0 = Release|Any CPU
		{ABE81AD3-831F-F739-B8B2-BE58FBFB8D2B}.Debug|Any CPU.ActiveCfg = Debug|Any CPU
		{ABE81AD3-831F-F739-B8B2-BE58FBFB8D2B}.Debug|Any CPU.Build.0 = Debug|Any CPU
		{ABE81AD3-831F-F739-B8B2-BE58FBFB8D2B}.Release|Any CPU.ActiveCfg = Release|Any CPU
		{ABE81AD3-831F-F739-B8B2-BE58FBFB8D2B}.Release|Any CPU.Build.0 = Release|Any CPU
		{AC3AA5FF-8A27-8872-929C-D0A4ACA91ED4}.Debug|Any CPU.ActiveCfg = Debug|Any CPU
		{AC3AA5FF-8A27-8872-929C-D0A4ACA91ED4}.Debug|Any CPU.Build.0 = Debug|Any CPU
		{AC3AA5FF-8A27-8872-929C-D0A4ACA91ED4}.Release|Any CPU.ActiveCfg = Release|Any CPU
		{AC3AA5FF-8A27-8872-929C-D0A4ACA91ED4}.Release|Any CPU.Build.0 = Release|Any CPU
		{19574F01-77BE-B1BE-264E-A0DC04ADCEEF}.Debug|Any CPU.ActiveCfg = Debug|Any CPU
		{19574F01-77BE-B1BE-264E-A0DC04ADCEEF}.Debug|Any CPU.Build.0 = Debug|Any CPU
		{19574F01-77BE-B1BE-264E-A0DC04ADCEEF}.Release|Any CPU.ActiveCfg = Release|Any CPU
		{19574F01-77BE-B1BE-264E-A0DC04ADCEEF}.Release|Any CPU.Build.0 = Release|Any CPU
		{A20EE619-B454-3508-EB52-D0098274B74E}.Debug|Any CPU.ActiveCfg = Debug|Any CPU
		{A20EE619-B454-3508-EB52-D0098274B74E}.Debug|Any CPU.Build.0 = Debug|Any CPU
		{A20EE619-B454-3508-EB52-D0098274B74E}.Release|Any CPU.ActiveCfg = Release|Any CPU
		{A20EE619-B454-3508-EB52-D0098274B74E}.Release|Any CPU.Build.0 = Release|Any CPU
		{69296B21-AAFC-BB41-DDEB-901373A8E66B}.Debug|Any CPU.ActiveCfg = Debug|Any CPU
		{69296B21-AAFC-BB41-DDEB-901373A8E66B}.Debug|Any CPU.Build.0 = Debug|Any CPU
		{69296B21-AAFC-BB41-DDEB-901373A8E66B}.Release|Any CPU.ActiveCfg = Release|Any CPU
		{69296B21-AAFC-BB41-DDEB-901373A8E66B}.Release|Any CPU.Build.0 = Release|Any CPU
		{FA076EEC-BBE5-0422-0C5A-5BCFD3C0A18A}.Debug|Any CPU.ActiveCfg = Debug|Any CPU
		{FA076EEC-BBE5-0422-0C5A-5BCFD3C0A18A}.Debug|Any CPU.Build.0 = Debug|Any CPU
		{FA076EEC-BBE5-0422-0C5A-5BCFD3C0A18A}.Release|Any CPU.ActiveCfg = Release|Any CPU
		{FA076EEC-BBE5-0422-0C5A-5BCFD3C0A18A}.Release|Any CPU.Build.0 = Release|Any CPU
		{B71AF85F-972F-608E-0703-A96F37BC8FA9}.Debug|Any CPU.ActiveCfg = Debug|Any CPU
		{B71AF85F-972F-608E-0703-A96F37BC8FA9}.Debug|Any CPU.Build.0 = Debug|Any CPU
		{B71AF85F-972F-608E-0703-A96F37BC8FA9}.Release|Any CPU.ActiveCfg = Release|Any CPU
		{B71AF85F-972F-608E-0703-A96F37BC8FA9}.Release|Any CPU.Build.0 = Release|Any CPU
		{89654234-9C5B-2444-1F2F-15B7B3C25CC8}.Debug|Any CPU.ActiveCfg = Debug|Any CPU
		{89654234-9C5B-2444-1F2F-15B7B3C25CC8}.Debug|Any CPU.Build.0 = Debug|Any CPU
		{89654234-9C5B-2444-1F2F-15B7B3C25CC8}.Release|Any CPU.ActiveCfg = Release|Any CPU
		{89654234-9C5B-2444-1F2F-15B7B3C25CC8}.Release|Any CPU.Build.0 = Release|Any CPU
		{7249413D-2EDC-ED55-C5FF-758DCCF73E45}.Debug|Any CPU.ActiveCfg = Debug|Any CPU
		{7249413D-2EDC-ED55-C5FF-758DCCF73E45}.Debug|Any CPU.Build.0 = Debug|Any CPU
		{7249413D-2EDC-ED55-C5FF-758DCCF73E45}.Release|Any CPU.ActiveCfg = Release|Any CPU
		{7249413D-2EDC-ED55-C5FF-758DCCF73E45}.Release|Any CPU.Build.0 = Release|Any CPU
		{DB765D9F-45BF-EA0E-1567-0BD0AE16D5C9}.Debug|Any CPU.ActiveCfg = Debug|Any CPU
		{DB765D9F-45BF-EA0E-1567-0BD0AE16D5C9}.Debug|Any CPU.Build.0 = Debug|Any CPU
		{DB765D9F-45BF-EA0E-1567-0BD0AE16D5C9}.Release|Any CPU.ActiveCfg = Release|Any CPU
		{DB765D9F-45BF-EA0E-1567-0BD0AE16D5C9}.Release|Any CPU.Build.0 = Release|Any CPU
		{958781D7-C546-EE8D-2F0D-7D07376F235A}.Debug|Any CPU.ActiveCfg = Debug|Any CPU
		{958781D7-C546-EE8D-2F0D-7D07376F235A}.Debug|Any CPU.Build.0 = Debug|Any CPU
		{958781D7-C546-EE8D-2F0D-7D07376F235A}.Release|Any CPU.ActiveCfg = Release|Any CPU
		{958781D7-C546-EE8D-2F0D-7D07376F235A}.Release|Any CPU.Build.0 = Release|Any CPU
		{0CDE27A0-817E-AA71-61EA-C7196CB58E2A}.Debug|Any CPU.ActiveCfg = Debug|Any CPU
		{0CDE27A0-817E-AA71-61EA-C7196CB58E2A}.Debug|Any CPU.Build.0 = Debug|Any CPU
		{0CDE27A0-817E-AA71-61EA-C7196CB58E2A}.Release|Any CPU.ActiveCfg = Release|Any CPU
		{0CDE27A0-817E-AA71-61EA-C7196CB58E2A}.Release|Any CPU.Build.0 = Release|Any CPU
		{895FFAA2-6770-ACC8-367C-66BD2E000934}.Debug|Any CPU.ActiveCfg = Debug|Any CPU
		{895FFAA2-6770-ACC8-367C-66BD2E000934}.Debug|Any CPU.Build.0 = Debug|Any CPU
		{895FFAA2-6770-ACC8-367C-66BD2E000934}.Release|Any CPU.ActiveCfg = Release|Any CPU
		{895FFAA2-6770-ACC8-367C-66BD2E000934}.Release|Any CPU.Build.0 = Release|Any CPU
		{6965DC0F-5377-0369-AF77-1E4058729D3F}.Debug|Any CPU.ActiveCfg = Debug|Any CPU
		{6965DC0F-5377-0369-AF77-1E4058729D3F}.Debug|Any CPU.Build.0 = Debug|Any CPU
		{6965DC0F-5377-0369-AF77-1E4058729D3F}.Release|Any CPU.ActiveCfg = Release|Any CPU
		{6965DC0F-5377-0369-AF77-1E4058729D3F}.Release|Any CPU.Build.0 = Release|Any CPU
		{FBD210F4-E99B-23FB-8797-A9B8212D5D2B}.Debug|Any CPU.ActiveCfg = Debug|Any CPU
		{FBD210F4-E99B-23FB-8797-A9B8212D5D2B}.Debug|Any CPU.Build.0 = Debug|Any CPU
		{FBD210F4-E99B-23FB-8797-A9B8212D5D2B}.Release|Any CPU.ActiveCfg = Release|Any CPU
		{FBD210F4-E99B-23FB-8797-A9B8212D5D2B}.Release|Any CPU.Build.0 = Release|Any CPU
		{B9DC2099-4BEF-D461-A227-BC2802F5BAD7}.Debug|Any CPU.ActiveCfg = Debug|Any CPU
		{B9DC2099-4BEF-D461-A227-BC2802F5BAD7}.Debug|Any CPU.Build.0 = Debug|Any CPU
		{B9DC2099-4BEF-D461-A227-BC2802F5BAD7}.Release|Any CPU.ActiveCfg = Release|Any CPU
		{B9DC2099-4BEF-D461-A227-BC2802F5BAD7}.Release|Any CPU.Build.0 = Release|Any CPU
		{B579EDD9-0BF2-C631-889B-782E617C7F91}.Debug|Any CPU.ActiveCfg = Debug|Any CPU
		{B579EDD9-0BF2-C631-889B-782E617C7F91}.Debug|Any CPU.Build.0 = Debug|Any CPU
		{B579EDD9-0BF2-C631-889B-782E617C7F91}.Release|Any CPU.ActiveCfg = Release|Any CPU
		{B579EDD9-0BF2-C631-889B-782E617C7F91}.Release|Any CPU.Build.0 = Release|Any CPU
		{3D975A3A-9CA3-0DBB-9697-73275477398F}.Debug|Any CPU.ActiveCfg = Debug|Any CPU
		{3D975A3A-9CA3-0DBB-9697-73275477398F}.Debug|Any CPU.Build.0 = Debug|Any CPU
		{3D975A3A-9CA3-0DBB-9697-73275477398F}.Release|Any CPU.ActiveCfg = Release|Any CPU
		{3D975A3A-9CA3-0DBB-9697-73275477398F}.Release|Any CPU.Build.0 = Release|Any CPU
	EndGlobalSection
	GlobalSection(SolutionProperties) = preSolution
		HideSolutionNode = FALSE
	EndGlobalSection
EndGlobal
